
Microsoft Visual Studio Solution File, Format Version 12.00
# Visual Studio Version 17
VisualStudioVersion = 17.14.36518.9 d17.14
MinimumVisualStudioVersion = 10.0.40219.1
Project("{FAE04EC0-301F-11D3-BF4B-00C04F79EFBC}") = "BuildingStore", "BuildingStore\BuildingStore.csproj", "{D507C7C6-0191-4788-809F-B859E1FB365D}"
EndProject
Global
	GlobalSection(SolutionConfigurationPlatforms) = preSolution
		Debug|Any CPU = Debug|Any CPU
		Release|Any CPU = Release|Any CPU
	EndGlobalSection
	GlobalSection(ProjectConfigurationPlatforms) = postSolution
		{D507C7C6-0191-4788-809F-B859E1FB365D}.Debug|Any CPU.ActiveCfg = Debug|Any CPU
		{D507C7C6-0191-4788-809F-B859E1FB365D}.Debug|Any CPU.Build.0 = Debug|Any CPU
		{D507C7C6-0191-4788-809F-B859E1FB365D}.Release|Any CPU.ActiveCfg = Release|Any CPU
		{D507C7C6-0191-4788-809F-B859E1FB365D}.Release|Any CPU.Build.0 = Release|Any CPU
	EndGlobalSection
	GlobalSection(SolutionProperties) = preSolution
		HideSolutionNode = FALSE
	EndGlobalSection
	GlobalSection(ExtensibilityGlobals) = postSolution
		SolutionGuid = {B133F786-91E1-4867-9E72-D8B09260B3C1}
	EndGlobalSection
EndGlobal
